
Microsoft Visual Studio Solution File, Format Version 12.00
# Visual Studio 15
VisualStudioVersion = 15.0.27703.2042
MinimumVisualStudioVersion = 10.0.40219.1
Project("{FAE04EC0-301F-11D3-BF4B-00C04F79EFBC}") = "SSH2", "SSH2\SSH2.csproj", "{B186A4EA-A805-43CA-9687-3273B8A8E0ED}"
EndProject
Global
	GlobalSection(SolutionConfigurationPlatforms) = preSolution
		Debug|Any CPU = Debug|Any CPU
		Release|Any CPU = Release|Any CPU
	EndGlobalSection
	GlobalSection(ProjectConfigurationPlatforms) = postSolution
		{B186A4EA-A805-43CA-9687-3273B8A8E0ED}.Debug|Any CPU.ActiveCfg = Debug|Any CPU
		{B186A4EA-A805-43CA-9687-3273B8A8E0ED}.Debug|Any CPU.Build.0 = Debug|Any CPU
		{B186A4EA-A805-43CA-9687-3273B8A8E0ED}.Release|Any CPU.ActiveCfg = Release|Any CPU
		{B186A4EA-A805-43CA-9687-3273B8A8E0ED}.Release|Any CPU.Build.0 = Release|Any CPU
	EndGlobalSection
	GlobalSection(SolutionProperties) = preSolution
		HideSolutionNode = FALSE
	EndGlobalSection
	GlobalSection(ExtensibilityGlobals) = postSolution
		SolutionGuid = {6EEEF0A0-C857-4CC5-B7CC-97E87C33BB15}
	EndGlobalSection
EndGlobal
